// !$*UTF8*$!
{
	archiveVersion = 1;
	classes = {
	};
	objectVersion = 50;
	objects = {

/* Begin PBXBuildFile section */
		75C9941624CAEC6100E095A4 /* AppDelegate.swift in Sources */ = {isa = PBXBuildFile; fileRef = 75C9941524CAEC6100E095A4 /* AppDelegate.swift */; };
		75C9941824CAEC6100E095A4 /* SceneDelegate.swift in Sources */ = {isa = PBXBuildFile; fileRef = 75C9941724CAEC6100E095A4 /* SceneDelegate.swift */; };
		75C9941A24CAEC6100E095A4 /* ViewController.swift in Sources */ = {isa = PBXBuildFile; fileRef = 75C9941924CAEC6100E095A4 /* ViewController.swift */; };
		75C9941D24CAEC6100E095A4 /* Main.storyboard in Resources */ = {isa = PBXBuildFile; fileRef = 75C9941B24CAEC6100E095A4 /* Main.storyboard */; };
		75C9941F24CAEC6200E095A4 /* Assets.xcassets in Resources */ = {isa = PBXBuildFile; fileRef = 75C9941E24CAEC6200E095A4 /* Assets.xcassets */; };
		75C9942224CAEC6200E095A4 /* LaunchScreen.storyboard in Resources */ = {isa = PBXBuildFile; fileRef = 75C9942024CAEC6200E095A4 /* LaunchScreen.storyboard */; };
/* End PBXBuildFile section */

/* Begin PBXFileReference section */
		75C9941224CAEC6100E095A4 /* SigninWithApple.app */ = {isa = PBXFileReference; explicitFileType = wrapper.application; includeInIndex = 0; path = SigninWithApple.app; sourceTree = BUILT_PRODUCTS_DIR; };
		75C9941524CAEC6100E095A4 /* AppDelegate.swift */ = {isa = PBXFileReference; lastKnownFileType = sourcecode.swift; path = AppDelegate.swift; sourceTree = "<group>"; };
		75C9941724CAEC6100E095A4 /* SceneDelegate.swift */ = {isa = PBXFileReference; lastKnownFileType = sourcecode.swift; path = SceneDelegate.swift; sourceTree = "<group>"; };
		75C9941924CAEC6100E095A4 /* ViewController.swift */ = {isa = PBXFileReference; lastKnownFileType = sourcecode.swift; path = ViewController.swift; sourceTree = "<group>"; };
		75C9941C24CAEC6100E095A4 /* Base */ = {isa = PBXFileReference; lastKnownFileType = file.storyboard; name = Base; path = Base.lproj/Main.storyboard; sourceTree = "<group>"; };
		75C9941E24CAEC6200E095A4 /* Assets.xcassets */ = {isa = PBXFileReference; lastKnownFileType = folder.assetcatalog; path = Assets.xcassets; sourceTree = "<group>"; };
		75C9942124CAEC6200E095A4 /* Base */ = {isa = PBXFileReference; lastKnownFileType = file.storyboard; name = Base; path = Base.lproj/LaunchScreen.storyboard; sourceTree = "<group>"; };
		75C9942324CAEC6200E095A4 /* Info.plist */ = {isa = PBXFileReference; lastKnownFileType = text.plist.xml; path = Info.plist; sourceTree = "<group>"; };
		75C9942924CAED2B00E095A4 /* SigninWithApple.entitlements */ = {isa = PBXFileReference; lastKnownFileType = text.plist.entitlements; path = SigninWithApple.entitlements; sourceTree = "<group>"; };
/* End PBXFileReference section */

/* Begin PBXFrameworksBuildPhase section */
		75C9940F24CAEC6100E095A4 /* Frameworks */ = {
			isa = PBXFrameworksBuildPhase;
			buildActionMask = 2147483647;
			files = (
			);
			runOnlyForDeploymentPostprocessing = 0;
		};
/* End PBXFrameworksBuildPhase section */

/* Begin PBXGroup section */
		75C9940924CAEC6100E095A4 = {
			isa = PBXGroup;
			children = (
				75C9941424CAEC6100E095A4 /* SigninWithApple */,
				75C9941324CAEC6100E095A4 /* Products */,
			);
			sourceTree = "<group>";
		};
		75C9941324CAEC6100E095A4 /* Products */ = {
			isa = PBXGroup;
			children = (
				75C9941224CAEC6100E095A4 /* SigninWithApple.app */,
			);
			name = Products;
			sourceTree = "<group>";
		};
		75C9941424CAEC6100E095A4 /* SigninWithApple */ = {
			isa = PBXGroup;
			children = (
				75C9942924CAED2B00E095A4 /* SigninWithApple.entitlements */,
				75C9941524CAEC6100E095A4 /* AppDelegate.swift */,
				75C9941724CAEC6100E095A4 /* SceneDelegate.swift */,
				75C9941924CAEC6100E095A4 /* ViewController.swift */,
				75C9941B24CAEC6100E095A4 /* Main.storyboard */,
				75C9941E24CAEC6200E095A4 /* Assets.xcassets */,
				75C9942024CAEC6200E095A4 /* LaunchScreen.storyboard */,
				75C9942324CAEC6200E095A4 /* Info.plist */,
			);
			path = SigninWithApple;
			sourceTree = "<group>";
		};
/* End PBXGroup section */

/* Begin PBXNativeTarget section */
		75C9941124CAEC6100E095A4 /* SigninWithApple */ = {
			isa = PBXNativeTarget;
			buildConfigurationList = 75C9942624CAEC6200E095A4 /* Build configuration list for PBXNativeTarget "SigninWithApple" */;
			buildPhases = (
				75C9940E24CAEC6100E095A4 /* Sources */,
				75C9940F24CAEC6100E095A4 /* Frameworks */,
				75C9941024CAEC6100E095A4 /* Resources */,
			);
			buildRules = (
			);
			dependencies = (
			);
			name = SigninWithApple;
			productName = SigninWithApple;
			productReference = 75C9941224CAEC6100E095A4 /* SigninWithApple.app */;
			productType = "com.apple.product-type.application";
		};
/* End PBXNativeTarget section */

/* Begin PBXProject section */
		75C9940A24CAEC6100E095A4 /* Project object */ = {
			isa = PBXProject;
			attributes = {
				LastSwiftUpdateCheck = 1130;
				LastUpgradeCheck = 1130;
				ORGANIZATIONNAME = UmarFarooq;
				TargetAttributes = {
					75C9941124CAEC6100E095A4 = {
						CreatedOnToolsVersion = 11.3;
					};
				};
			};
			buildConfigurationList = 75C9940D24CAEC6100E095A4 /* Build configuration list for PBXProject "SigninWithApple" */;
			compatibilityVersion = "Xcode 9.3";
			developmentRegion = en;
			hasScannedForEncodings = 0;
			knownRegions = (
				en,
				Base,
			);
			mainGroup = 75C9940924CAEC6100E095A4;
			productRefGroup = 75C9941324CAEC6100E095A4 /* Products */;
			projectDirPath = "";
			projectRoot = "";
			targets = (
				75C9941124CAEC6100E095A4 /* SigninWithApple */,
			);
		};
/* End PBXProject section */

/* Begin PBXResourcesBuildPhase section */
		75C9941024CAEC6100E095A4 /* Resources */ = {
			isa = PBXResourcesBuildPhase;
			buildActionMask = 2147483647;
			files = (
				75C9942224CAEC6200E095A4 /* LaunchScreen.storyboard in Resources */,
				75C9941F24CAEC6200E095A4 /* Assets.xcassets in Resources */,
				75C9941D24CAEC6100E095A4 /* Main.storyboard in Resources */,
			);
			runOnlyForDeploymentPostprocessing = 0;
		};
/* End PBXResourcesBuildPhase section */

/* Begin PBXSourcesBuildPhase section */
		75C9940E24CAEC6100E095A4 /* Sources */ = {
			isa = PBXSourcesBuildPhase;
			buildActionMask = 2147483647;
			files = (
				75C9941A24CAEC6100E095A4 /* ViewController.swift in Sources */,
				75C9941624CAEC6100E095A4 /* AppDelegate.swift in Sources */,
				75C9941824CAEC6100E095A4 /* SceneDelegate.swift in Sources */,
			);
			runOnlyForDeploymentPostprocessing = 0;
		};
/* End PBXSourcesBuildPhase section */

/* Begin PBXVariantGroup section */
		75C9941B24CAEC6100E095A4 /* Main.storyboard */ = {
			isa = PBXVariantGroup;
			children = (
				75C9941C24CAEC6100E095A4 /* Base */,
			);
			name = Main.storyboard;
			sourceTree = "<group>";
		};
		75C9942024CAEC6200E095A4 /* LaunchScreen.storyboard */ = {
			isa = PBXVariantGroup;
			children = (
				75C9942124CAEC6200E095A4 /* Base */,
			);
			name = LaunchScreen.storyboard;
			sourceTree = "<group>";
		};
/* End PBXVariantGroup section */

/* Begin XCBuildConfiguration section */
		75C9942424CAEC6200E095A4 /* Debug */ = {
			isa = XCBuildConfiguration;
			buildSettings = {
				ALWAYS_SEARCH_USER_PATHS = NO;
				CLANG_ANALYZER_NONNULL = YES;
				CLANG_ANALYZER_NUMBER_OBJECT_CONVERSION = YES_AGGRESSIVE;
				CLANG_CXX_LANGUAGE_STANDARD = "gnu++14";
				CLANG_CXX_LIBRARY = "libc++";
				CLANG_ENABLE_MODULES = YES;
				CLANG_ENABLE_OBJC_ARC = YES;
				CLANG_ENABLE_OBJC_WEAK = YES;
				CLANG_WARN_BLOCK_CAPTURE_AUTORELEASING = YES;
				CLANG_WARN_BOOL_CONVERSION = YES;
				CLANG_WARN_COMMA = YES;
				CLANG_WARN_CONSTANT_CONVERSION = YES;
				CLANG_WARN_DEPRECATED_OBJC_IMPLEMENTATIONS = YES;
				CLANG_WARN_DIRECT_OBJC_ISA_USAGE = YES_ERROR;
				CLANG_WARN_DOCUMENTATION_COMMENTS = YES;
				CLANG_WARN_EMPTY_BODY = YES;
				CLANG_WARN_ENUM_CONVERSION = YES;
				CLANG_WARN_INFINITE_RECURSION = YES;
				CLANG_WARN_INT_CONVERSION = YES;
				CLANG_WARN_NON_LITERAL_NULL_CONVERSION = YES;
				CLANG_WARN_OBJC_IMPLICIT_RETAIN_SELF = YES;
				CLANG_WARN_OBJC_LITERAL_CONVERSION = YES;
				CLANG_WARN_OBJC_ROOT_CLASS = YES_ERROR;
				CLANG_WARN_RANGE_LOOP_ANALYSIS = YES;
				CLANG_WARN_STRICT_PROTOTYPES = YES;
				CLANG_WARN_SUSPICIOUS_MOVE = YES;
				CLANG_WARN_UNGUARDED_AVAILABILITY = YES_AGGRESSIVE;
				CLANG_WARN_UNREACHABLE_CODE = YES;
				CLANG_WARN__DUPLICATE_METHOD_MATCH = YES;
				COPY_PHASE_STRIP = NO;
				DEBUG_INFORMATION_FORMAT = dwarf;
				ENABLE_STRICT_OBJC_MSGSEND = YES;
				ENABLE_TESTABILITY = YES;
				GCC_C_LANGUAGE_STANDARD = gnu11;
				GCC_DYNAMIC_NO_PIC = NO;
				GCC_NO_COMMON_BLOCKS = YES;
				GCC_OPTIMIZATION_LEVEL = 0;
				GCC_PREPROCESSOR_DEFINITIONS = (
					"DEBUG=1",
					"$(inherited)",
				);
				GCC_WARN_64_TO_32_BIT_CONVERSION = YES;
				GCC_WARN_ABOUT_RETURN_TYPE = YES_ERROR;
				GCC_WARN_UNDECLARED_SELECTOR = YES;
				GCC_WARN_UNINITIALIZED_AUTOS = YES_AGGRESSIVE;
				GCC_WARN_UNUSED_FUNCTION = YES;
				GCC_WARN_UNUSED_VARIABLE = YES;
				IPHONEOS_DEPLOYMENT_TARGET = 13.2;
				MTL_ENABLE_DEBUG_INFO = INCLUDE_SOURCE;
				MTL_FAST_MATH = YES;
				ONLY_ACTIVE_ARCH = YES;
				SDKROOT = iphoneos;
				SWIFT_ACTIVE_COMPILATION_CONDITIONS = DEBUG;
				SWIFT_OPTIMIZATION_LEVEL = "-Onone";
			};
			name = Debug;
		};
		75C9942524CAEC6200E095A4 /* Release */ = {
			isa = XCBuildConfiguration;
			buildSettings = {
				ALWAYS_SEARCH_USER_PATHS = NO;
				CLANG_ANALYZER_NONNULL = YES;
				CLANG_ANALYZER_NUMBER_OBJECT_CONVERSION = YES_AGGRESSIVE;
				CLANG_CXX_LANGUAGE_STANDARD = "gnu++14";
				CLANG_CXX_LIBRARY = "libc++";
				CLANG_ENABLE_MODULES = YES;
				CLANG_ENABLE_OBJC_ARC = YES;
				CLANG_ENABLE_OBJC_WEAK = YES;
				CLANG_WARN_BLOCK_CAPTURE_AUTORELEASING = YES;
				CLANG_WARN_BOOL_CONVERSION = YES;
				CLANG_WARN_COMMA = YES;
				CLANG_WARN_CONSTANT_CONVERSION = YES;
				CLANG_WARN_DEPRECATED_OBJC_IMPLEMENTATIONS = YES;
				CLANG_WARN_DIRECT_OBJC_ISA_USAGE = YES_ERROR;
				CLANG_WARN_DOCUMENTATION_COMMENTS = YES;
				CLANG_WARN_EMPTY_BODY = YES;
				CLANG_WARN_ENUM_CONVERSION = YES;
				CLANG_WARN_INFINITE_RECURSION = YES;
				CLANG_WARN_INT_CONVERSION = YES;
				CLANG_WARN_NON_LITERAL_NULL_CONVERSION = YES;
				CLANG_WARN_OBJC_IMPLICIT_RETAIN_SELF = YES;
				CLANG_WARN_OBJC_LITERAL_CONVERSION = YES;
				CLANG_WARN_OBJC_ROOT_CLASS = YES_ERROR;
				CLANG_WARN_RANGE_LOOP_ANALYSIS = YES;
				CLANG_WARN_STRICT_PROTOTYPES = YES;
				CLANG_WARN_SUSPICIOUS_MOVE = YES;
				CLANG_WARN_UNGUARDED_AVAILABILITY = YES_AGGRESSIVE;
				CLANG_WARN_UNREACHABLE_CODE = YES;
				CLANG_WARN__DUPLICATE_METHOD_MATCH = YES;
				COPY_PHASE_STRIP = NO;
				DEBUG_INFORMATION_FORMAT = "dwarf-with-dsym";
				ENABLE_NS_ASSERTIONS = NO;
				ENABLE_STRICT_OBJC_MSGSEND = YES;
				GCC_C_LANGUAGE_STANDARD = gnu11;
				GCC_NO_COMMON_BLOCKS = YES;
				GCC_WARN_64_TO_32_BIT_CONVERSION = YES;
				GCC_WARN_ABOUT_RETURN_TYPE = YES_ERROR;
				GCC_WARN_UNDECLARED_SELECTOR = YES;
				GCC_WARN_UNINITIALIZED_AUTOS = YES_AGGRESSIVE;
				GCC_WARN_UNUSED_FUNCTION = YES;
				GCC_WARN_UNUSED_VARIABLE = YES;
				IPHONEOS_DEPLOYMENT_TARGET = 13.2;
				MTL_ENABLE_DEBUG_INFO = NO;
				MTL_FAST_MATH = YES;
				SDKROOT = iphoneos;
				SWIFT_COMPILATION_MODE = wholemodule;
				SWIFT_OPTIMIZATION_LEVEL = "-O";
				VALIDATE_PRODUCT = YES;
			};
			name = Release;
		};
		75C9942724CAEC6200E095A4 /* Debug */ = {
			isa = XCBuildConfiguration;
			buildSettings = {
				ASSETCATALOG_COMPILER_APPICON_NAME = AppIcon;
				CODE_SIGN_ENTITLEMENTS = SigninWithApple/SigninWithApple.entitlements;
				CODE_SIGN_STYLE = Automatic;
				DEVELOPMENT_TEAM = 8M97QG68G7;
				INFOPLIST_FILE = SigninWithApple/Info.plist;
				LD_RUNPATH_SEARCH_PATHS = (
					"$(inherited)",
					"@executable_path/Frameworks",
				);
				PRODUCT_BUNDLE_IDENTIFIER = com.SigninWithAppleDemo123;
				PRODUCT_NAME = "$(TARGET_NAME)";
				SWIFT_VERSION = 5.0;
				TARGETED_DEVICE_FAMILY = "1,2";
			};
			name = Debug;
		};
		75C9942824CAEC6200E095A4 /* Release */ = {
			isa = XCBuildConfiguration;
			buildSettings = {
				ASSETCATALOG_COMPILER_APPICON_NAME = AppIcon;
				CODE_SIGN_ENTITLEMENTS = SigninWithApple/SigninWithApple.entitlements;
				CODE_SIGN_STYLE = Automatic;
				DEVELOPMENT_TEAM = 8M97QG68G7;
				INFOPLIST_FILE = SigninWithApple/Info.plist;
				LD_RUNPATH_SEARCH_PATHS = (
					"$(inherited)",
					"@executable_path/Frameworks",
				);
				PRODUCT_BUNDLE_IDENTIFIER = com.SigninWithAppleDemo123;
				PRODUCT_NAME = "$(TARGET_NAME)";
				SWIFT_VERSION = 5.0;
				TARGETED_DEVICE_FAMILY = "1,2";
			};
			name = Release;
		};
/* End XCBuildConfiguration section */

/* Begin XCConfigurationList section */
		75C9940D24CAEC6100E095A4 /* Build configuration list for PBXProject "SigninWithApple" */ = {
			isa = XCConfigurationList;
			buildConfigurations = (
				75C9942424CAEC6200E095A4 /* Debug */,
				75C9942524CAEC6200E095A4 /* Release */,
			);
			defaultConfigurationIsVisible = 0;
			defaultConfigurationName = Release;
		};
		75C9942624CAEC6200E095A4 /* Build configuration list for PBXNativeTarget "SigninWithApple" */ = {
			isa = XCConfigurationList;
			buildConfigurations = (
				75C9942724CAEC6200E095A4 /* Debug */,
				75C9942824CAEC6200E095A4 /* Release */,
			);
			defaultConfigurationIsVisible = 0;
			defaultConfigurationName = Release;
		};
/* End XCConfigurationList section */
	};
	rootObject = 75C9940A24CAEC6100E095A4 /* Project object */;
}
